#MicroXplorer Configuration settings - do not modify
Mcu.Family=STM32L0
RCC.MSI_VALUE=2097000
ProjectManager.MainLocation=Core/Src
PA6.Mode=Full_Duplex_Master
ProjectManager.ProjectFileName=portalgun-fw.ioc
PA7.Mode=Full_Duplex_Master
ProjectManager.KeepUserCode=true
PA10.Mode=I2C
Mcu.UserName=STM32L011G4Ux
Mcu.PinsNb=15
SPI1.VirtualType=VM_MASTER
ProjectManager.NoMain=false
SPI1.IPParameters=VirtualType,Mode,Direction,CalculateBaudRate,BaudRatePrescaler
PA0-CK_IN.Mode=Asynchronous
RCC.LPUARTFreq_Value=32000000
RCC.PLLCLKFreq_Value=32000000
ProjectManager.functionlistsort=1-MX_GPIO_Init-GPIO-false-HAL-true,2-SystemClock_Config-RCC-false-HAL-true,3-MX_I2C1_Init-I2C1-false-HAL-true,4-MX_LPUART1_UART_Init-LPUART1-false-HAL-true,5-MX_SPI1_Init-SPI1-false-HAL-true
RCC.RTCFreq_Value=37000
LPUART1.WordLength=UART_WORDLENGTH_8B
ProjectManager.DefaultFWLocation=true
PB6.GPIO_Label=LBO
RCC.USART2Freq_Value=32000000
NVIC.SVC_IRQn=true\:0\:0\:false\:false\:true\:false\:false
ProjectManager.DeletePrevious=true
RCC.TimerFreq_Value=32000000
LPUART1.IPParameters=BaudRate,WordLength
PinOutPanel.RotationAngle=0
RCC.FamilyName=M
RCC.SYSCLKSource=RCC_SYSCLKSOURCE_PLLCLK
ProjectManager.StackSize=0x400
PB5.GPIOParameters=GPIO_Label
RCC.WatchDogFreq_Value=37000
PA13.Signal=SYS_SWDIO
Mcu.IP4=SPI1
RCC.FCLKCortexFreq_Value=32000000
RCC.HSI16_VALUE=16000000
Mcu.IP5=SYS
I2C1.IPParameters=Timing
Mcu.IP2=NVIC
Mcu.IP3=RCC
PB4.GPIOParameters=GPIO_Label
Mcu.IP0=I2C1
PA9.Mode=I2C
Mcu.IP1=LPUART1
Mcu.UserConstants=
ProjectManager.TargetToolchain=Makefile
Mcu.ThirdPartyNb=0
SPI1.Direction=SPI_DIRECTION_2LINES
RCC.HCLKFreq_Value=32000000
Mcu.IPNb=6
ProjectManager.PreviousToolchain=
RCC.APB2TimFreq_Value=32000000
PA9.Signal=I2C1_SCL
PB6.Signal=GPIO_Input
I2C1.Timing=0x00707CBB
PB5.Locked=true
SPI1.CalculateBaudRate=16.0 MBits/s
Mcu.Pin6=PA9
Mcu.Pin7=PA10
ProjectManager.RegisterCallBack=
Mcu.Pin8=PA13
Mcu.Pin9=PA14
RCC.LSE_VALUE=32768
PA1.Signal=LPUART1_TX
RCC.AHBFreq_Value=32000000
Mcu.Pin0=PA0-CK_IN
PB1.Locked=true
Mcu.Pin1=PA1
GPIO.groupedBy=Group By Peripherals
Mcu.Pin2=PA5
Mcu.Pin3=PA6
Mcu.Pin4=PA7
Mcu.Pin5=PB1
PA5.Signal=SPI1_SCK
ProjectManager.ProjectBuild=false
RCC.HSE_VALUE=8000000
RCC.MCOPinFreq_Value=32000000
board=custom
RCC.VCOOutputFreq_Value=64000000
NVIC.SysTick_IRQn=true\:0\:0\:false\:false\:true\:false\:true
ProjectManager.LastFirmware=true
RCC.PLLMUL=RCC_PLLMUL_4
ProjectManager.FirmwarePackage=STM32Cube FW_L0 V1.12.0
PA0-CK_IN.Signal=LPUART1_RX
MxDb.Version=DB.6.0.10
RCC.APB2Freq_Value=32000000
PA1.Mode=Asynchronous
ProjectManager.BackupPrevious=true
MxCube.Version=6.1.1
PB4.GPIO_Label=ENCODER_B
RCC.I2C1Freq_Value=32000000
PB1.GPIO_Speed=GPIO_SPEED_FREQ_VERY_HIGH
SPI1.Mode=SPI_MODE_MASTER
PA14.Mode=Serial_Wire
PB1.GPIO_Label=LED_DATA
File.Version=6
VP_SYS_VS_Systick.Mode=SysTick
PB3.GPIOParameters=GPIO_Label
NVIC.NonMaskableInt_IRQn=true\:0\:0\:false\:false\:true\:false\:false
PB6.Locked=true
NVIC.PendSV_IRQn=true\:0\:0\:false\:false\:true\:false\:false
PA13.Mode=Serial_Wire
ProjectManager.FreePins=false
RCC.IPParameters=AHBFreq_Value,APB1Freq_Value,APB1TimFreq_Value,APB2Freq_Value,APB2TimFreq_Value,FCLKCortexFreq_Value,FamilyName,HCLKFreq_Value,HSE_VALUE,HSI16_VALUE,HSI_VALUE,I2C1Freq_Value,LPTIMFreq_Value,LPUARTFreq_Value,LSE_VALUE,LSI_VALUE,MCOPinFreq_Value,MSI_VALUE,PLLCLKFreq_Value,PLLMUL,PWRFreq_Value,RTCFreq_Value,RTCHSEDivFreq_Value,SYSCLKFreq_VALUE,SYSCLKSource,TIMFreq_Value,TimerFreq_Value,USART2Freq_Value,VCOOutputFreq_Value,WatchDogFreq_Value
ProjectManager.AskForMigrate=true
Mcu.Name=STM32L011G(3-4)Ux
PB6.GPIOParameters=GPIO_Label
ProjectManager.HalAssertFull=false
LPUART1.BaudRate=115200
RCC.RTCHSEDivFreq_Value=4000000
ProjectManager.ProjectName=portalgun-fw
ProjectManager.UnderRoot=false
PB1.PinState=GPIO_PIN_SET
ProjectManager.CoupleFile=true
PB4.Locked=true
PB3.Signal=GPIO_Input
RCC.SYSCLKFreq_VALUE=32000000
Mcu.Package=UFQFPN28
PB5.Signal=GPIO_Input
PB1.Signal=GPIO_Output
PA6.Signal=SPI1_MISO
NVIC.ForceEnableDMAVector=true
KeepUserPlacement=false
ProjectManager.CompilerOptimize=6
ProjectManager.ToolChainLocation=
RCC.LSI_VALUE=37000
VP_SYS_VS_Systick.Signal=SYS_VS_Systick
PA10.Signal=I2C1_SDA
PA14.Signal=SYS_SWCLK
ProjectManager.HeapSize=0x200
NVIC.HardFault_IRQn=true\:0\:0\:false\:false\:true\:false\:false
Mcu.Pin13=PB6
Mcu.Pin14=VP_SYS_VS_Systick
ProjectManager.ComputerToolchain=false
RCC.HSI_VALUE=16000000
Mcu.Pin11=PB4
Mcu.Pin12=PB5
PB5.GPIO_Label=ENCODER_A
Mcu.Pin10=PB3
RCC.APB1TimFreq_Value=32000000
RCC.PWRFreq_Value=32000000
RCC.APB1Freq_Value=32000000
SPI1.BaudRatePrescaler=SPI_BAUDRATEPRESCALER_2
ProjectManager.CustomerFirmwarePackage=
ProjectManager.DeviceId=STM32L011G4Ux
ProjectManager.LibraryCopy=0
RCC.LPTIMFreq_Value=32000000
PB3.Locked=true
PB4.Signal=GPIO_Input
PB1.GPIOParameters=GPIO_Speed,PinState,GPIO_Label
PA7.Signal=SPI1_MOSI
PA5.Mode=Full_Duplex_Master
RCC.TIMFreq_Value=32000000
PB3.GPIO_Label=SWITCH
